// !$*UTF8*$!
{
	archiveVersion = 1;
	classes = {
	};
	objectVersion = 55;
	objects = {

/* Begin PBXBuildFile section */
		540447B527FCFE03001E3869 /* Recipe2.swift in Sources */ = {isa = PBXBuildFile; fileRef = 540447B427FCFE03001E3869 /* Recipe2.swift */; };
		540447B727FD015A001E3869 /* fullRecipe1.swift in Sources */ = {isa = PBXBuildFile; fileRef = 540447B627FD015A001E3869 /* fullRecipe1.swift */; };
		540447B927FD0176001E3869 /* fullRecipe2.swift in Sources */ = {isa = PBXBuildFile; fileRef = 540447B827FD0176001E3869 /* fullRecipe2.swift */; };
		540447BB27FD0184001E3869 /* fullRecipe3.swift in Sources */ = {isa = PBXBuildFile; fileRef = 540447BA27FD0184001E3869 /* fullRecipe3.swift */; };
		540447BD27FD0193001E3869 /* fullRecipe4.swift in Sources */ = {isa = PBXBuildFile; fileRef = 540447BC27FD0193001E3869 /* fullRecipe4.swift */; };
		540447BF27FD01A8001E3869 /* fullRecipe5.swift in Sources */ = {isa = PBXBuildFile; fileRef = 540447BE27FD01A8001E3869 /* fullRecipe5.swift */; };
		540447C127FD01B3001E3869 /* fullRecipe6.swift in Sources */ = {isa = PBXBuildFile; fileRef = 540447C027FD01B3001E3869 /* fullRecipe6.swift */; };
		540447C327FD01C0001E3869 /* fullRecipe7.swift in Sources */ = {isa = PBXBuildFile; fileRef = 540447C227FD01C0001E3869 /* fullRecipe7.swift */; };
		54F3941227FCCDD700F2A7AA /* p4.swift in Sources */ = {isa = PBXBuildFile; fileRef = 54F3941127FCCDD700F2A7AA /* p4.swift */; };
		54F3941427FCD3D300F2A7AA /* p5.swift in Sources */ = {isa = PBXBuildFile; fileRef = 54F3941327FCD3D300F2A7AA /* p5.swift */; };
		54F3941627FCD67000F2A7AA /* p6.swift in Sources */ = {isa = PBXBuildFile; fileRef = 54F3941527FCD67000F2A7AA /* p6.swift */; };
		54F3941827FCD67B00F2A7AA /* p7.swift in Sources */ = {isa = PBXBuildFile; fileRef = 54F3941727FCD67B00F2A7AA /* p7.swift */; };
		54F3941A27FCD8C300F2A7AA /* p8.swift in Sources */ = {isa = PBXBuildFile; fileRef = 54F3941927FCD8C300F2A7AA /* p8.swift */; };
		54F3941C27FCD8D500F2A7AA /* p9.swift in Sources */ = {isa = PBXBuildFile; fileRef = 54F3941B27FCD8D500F2A7AA /* p9.swift */; };
		54F3941E27FCE2A500F2A7AA /* TableViewCell.swift in Sources */ = {isa = PBXBuildFile; fileRef = 54F3941D27FCE2A500F2A7AA /* TableViewCell.swift */; };
		54F3942027FCE32B00F2A7AA /* p10.swift in Sources */ = {isa = PBXBuildFile; fileRef = 54F3941F27FCE32B00F2A7AA /* p10.swift */; };
		54FC991427FC833000587EB7 /* AppDelegate.swift in Sources */ = {isa = PBXBuildFile; fileRef = 54FC991327FC833000587EB7 /* AppDelegate.swift */; };
		54FC991627FC833000587EB7 /* SceneDelegate.swift in Sources */ = {isa = PBXBuildFile; fileRef = 54FC991527FC833000587EB7 /* SceneDelegate.swift */; };
		54FC991827FC833000587EB7 /* ViewController.swift in Sources */ = {isa = PBXBuildFile; fileRef = 54FC991727FC833000587EB7 /* ViewController.swift */; };
		54FC991B27FC833000587EB7 /* Main.storyboard in Resources */ = {isa = PBXBuildFile; fileRef = 54FC991927FC833000587EB7 /* Main.storyboard */; };
		54FC991E27FC833000587EB7 /* FoodRecipeProject.xcdatamodeld in Sources */ = {isa = PBXBuildFile; fileRef = 54FC991C27FC833000587EB7 /* FoodRecipeProject.xcdatamodeld */; };
		54FC992027FC833200587EB7 /* Assets.xcassets in Resources */ = {isa = PBXBuildFile; fileRef = 54FC991F27FC833200587EB7 /* Assets.xcassets */; };
		54FC992327FC833200587EB7 /* LaunchScreen.storyboard in Resources */ = {isa = PBXBuildFile; fileRef = 54FC992127FC833200587EB7 /* LaunchScreen.storyboard */; };
		54FC992B27FC8B6000587EB7 /* p1.swift in Sources */ = {isa = PBXBuildFile; fileRef = 54FC992A27FC8B6000587EB7 /* p1.swift */; };
		54FC992D27FC8B7300587EB7 /* p2.swift in Sources */ = {isa = PBXBuildFile; fileRef = 54FC992C27FC8B7300587EB7 /* p2.swift */; };
		54FC992F27FC8E3D00587EB7 /* CollectionViewCell.swift in Sources */ = {isa = PBXBuildFile; fileRef = 54FC992E27FC8E3D00587EB7 /* CollectionViewCell.swift */; };
		54FC993327FCB7EE00587EB7 /* p3.swift in Sources */ = {isa = PBXBuildFile; fileRef = 54FC993227FCB7EE00587EB7 /* p3.swift */; };
/* End PBXBuildFile section */

/* Begin PBXFileReference section */
		540447B427FCFE03001E3869 /* Recipe2.swift */ = {isa = PBXFileReference; lastKnownFileType = sourcecode.swift; path = Recipe2.swift; sourceTree = "<group>"; };
		540447B627FD015A001E3869 /* fullRecipe1.swift */ = {isa = PBXFileReference; lastKnownFileType = sourcecode.swift; path = fullRecipe1.swift; sourceTree = "<group>"; };
		540447B827FD0176001E3869 /* fullRecipe2.swift */ = {isa = PBXFileReference; lastKnownFileType = sourcecode.swift; path = fullRecipe2.swift; sourceTree = "<group>"; };
		540447BA27FD0184001E3869 /* fullRecipe3.swift */ = {isa = PBXFileReference; lastKnownFileType = sourcecode.swift; path = fullRecipe3.swift; sourceTree = "<group>"; };
		540447BC27FD0193001E3869 /* fullRecipe4.swift */ = {isa = PBXFileReference; lastKnownFileType = sourcecode.swift; path = fullRecipe4.swift; sourceTree = "<group>"; };
		540447BE27FD01A8001E3869 /* fullRecipe5.swift */ = {isa = PBXFileReference; lastKnownFileType = sourcecode.swift; path = fullRecipe5.swift; sourceTree = "<group>"; };
		540447C027FD01B3001E3869 /* fullRecipe6.swift */ = {isa = PBXFileReference; lastKnownFileType = sourcecode.swift; path = fullRecipe6.swift; sourceTree = "<group>"; };
		540447C227FD01C0001E3869 /* fullRecipe7.swift */ = {isa = PBXFileReference; lastKnownFileType = sourcecode.swift; path = fullRecipe7.swift; sourceTree = "<group>"; };
		54F3941127FCCDD700F2A7AA /* p4.swift */ = {isa = PBXFileReference; lastKnownFileType = sourcecode.swift; path = p4.swift; sourceTree = "<group>"; };
		54F3941327FCD3D300F2A7AA /* p5.swift */ = {isa = PBXFileReference; lastKnownFileType = sourcecode.swift; path = p5.swift; sourceTree = "<group>"; };
		54F3941527FCD67000F2A7AA /* p6.swift */ = {isa = PBXFileReference; lastKnownFileType = sourcecode.swift; path = p6.swift; sourceTree = "<group>"; };
		54F3941727FCD67B00F2A7AA /* p7.swift */ = {isa = PBXFileReference; lastKnownFileType = sourcecode.swift; path = p7.swift; sourceTree = "<group>"; };
		54F3941927FCD8C300F2A7AA /* p8.swift */ = {isa = PBXFileReference; lastKnownFileType = sourcecode.swift; path = p8.swift; sourceTree = "<group>"; };
		54F3941B27FCD8D500F2A7AA /* p9.swift */ = {isa = PBXFileReference; lastKnownFileType = sourcecode.swift; path = p9.swift; sourceTree = "<group>"; };
		54F3941D27FCE2A500F2A7AA /* TableViewCell.swift */ = {isa = PBXFileReference; lastKnownFileType = sourcecode.swift; path = TableViewCell.swift; sourceTree = "<group>"; };
		54F3941F27FCE32B00F2A7AA /* p10.swift */ = {isa = PBXFileReference; lastKnownFileType = sourcecode.swift; path = p10.swift; sourceTree = "<group>"; };
		54FC991027FC833000587EB7 /* FoodRecipeProject.app */ = {isa = PBXFileReference; explicitFileType = wrapper.application; includeInIndex = 0; path = FoodRecipeProject.app; sourceTree = BUILT_PRODUCTS_DIR; };
		54FC991327FC833000587EB7 /* AppDelegate.swift */ = {isa = PBXFileReference; lastKnownFileType = sourcecode.swift; path = AppDelegate.swift; sourceTree = "<group>"; };
		54FC991527FC833000587EB7 /* SceneDelegate.swift */ = {isa = PBXFileReference; lastKnownFileType = sourcecode.swift; path = SceneDelegate.swift; sourceTree = "<group>"; };
		54FC991727FC833000587EB7 /* ViewController.swift */ = {isa = PBXFileReference; lastKnownFileType = sourcecode.swift; path = ViewController.swift; sourceTree = "<group>"; };
		54FC991A27FC833000587EB7 /* Base */ = {isa = PBXFileReference; lastKnownFileType = file.storyboard; name = Base; path = Base.lproj/Main.storyboard; sourceTree = "<group>"; };
		54FC991D27FC833000587EB7 /* FoodRecipeProject.xcdatamodel */ = {isa = PBXFileReference; lastKnownFileType = wrapper.xcdatamodel; path = FoodRecipeProject.xcdatamodel; sourceTree = "<group>"; };
		54FC991F27FC833200587EB7 /* Assets.xcassets */ = {isa = PBXFileReference; lastKnownFileType = folder.assetcatalog; path = Assets.xcassets; sourceTree = "<group>"; };
		54FC992227FC833200587EB7 /* Base */ = {isa = PBXFileReference; lastKnownFileType = file.storyboard; name = Base; path = Base.lproj/LaunchScreen.storyboard; sourceTree = "<group>"; };
		54FC992427FC833200587EB7 /* Info.plist */ = {isa = PBXFileReference; lastKnownFileType = text.plist.xml; path = Info.plist; sourceTree = "<group>"; };
		54FC992A27FC8B6000587EB7 /* p1.swift */ = {isa = PBXFileReference; lastKnownFileType = sourcecode.swift; path = p1.swift; sourceTree = "<group>"; };
		54FC992C27FC8B7300587EB7 /* p2.swift */ = {isa = PBXFileReference; lastKnownFileType = sourcecode.swift; path = p2.swift; sourceTree = "<group>"; };
		54FC992E27FC8E3D00587EB7 /* CollectionViewCell.swift */ = {isa = PBXFileReference; lastKnownFileType = sourcecode.swift; path = CollectionViewCell.swift; sourceTree = "<group>"; };
		54FC993227FCB7EE00587EB7 /* p3.swift */ = {isa = PBXFileReference; lastKnownFileType = sourcecode.swift; path = p3.swift; sourceTree = "<group>"; };
/* End PBXFileReference section */

/* Begin PBXFrameworksBuildPhase section */
		54FC990D27FC833000587EB7 /* Frameworks */ = {
			isa = PBXFrameworksBuildPhase;
			buildActionMask = 2147483647;
			files = (
			);
			runOnlyForDeploymentPostprocessing = 0;
		};
/* End PBXFrameworksBuildPhase section */

/* Begin PBXGroup section */
		54FC990727FC833000587EB7 = {
			isa = PBXGroup;
			children = (
				54FC991227FC833000587EB7 /* FoodRecipeProject */,
				54FC991127FC833000587EB7 /* Products */,
			);
			sourceTree = "<group>";
		};
		54FC991127FC833000587EB7 /* Products */ = {
			isa = PBXGroup;
			children = (
				54FC991027FC833000587EB7 /* FoodRecipeProject.app */,
			);
			name = Products;
			sourceTree = "<group>";
		};
		54FC991227FC833000587EB7 /* FoodRecipeProject */ = {
			isa = PBXGroup;
			children = (
				54FC991327FC833000587EB7 /* AppDelegate.swift */,
				54FC991527FC833000587EB7 /* SceneDelegate.swift */,
				54FC991727FC833000587EB7 /* ViewController.swift */,
				54FC991927FC833000587EB7 /* Main.storyboard */,
				54FC991F27FC833200587EB7 /* Assets.xcassets */,
				54FC992127FC833200587EB7 /* LaunchScreen.storyboard */,
				54FC992427FC833200587EB7 /* Info.plist */,
				54FC991C27FC833000587EB7 /* FoodRecipeProject.xcdatamodeld */,
				54FC992A27FC8B6000587EB7 /* p1.swift */,
				54FC992C27FC8B7300587EB7 /* p2.swift */,
				54FC993227FCB7EE00587EB7 /* p3.swift */,
				54F3941127FCCDD700F2A7AA /* p4.swift */,
				54F3941327FCD3D300F2A7AA /* p5.swift */,
				54F3941527FCD67000F2A7AA /* p6.swift */,
				54F3941727FCD67B00F2A7AA /* p7.swift */,
				54F3941927FCD8C300F2A7AA /* p8.swift */,
				54F3941B27FCD8D500F2A7AA /* p9.swift */,
				54F3941F27FCE32B00F2A7AA /* p10.swift */,
				54FC992E27FC8E3D00587EB7 /* CollectionViewCell.swift */,
				54F3941D27FCE2A500F2A7AA /* TableViewCell.swift */,
				540447B427FCFE03001E3869 /* Recipe2.swift */,
				540447B627FD015A001E3869 /* fullRecipe1.swift */,
				540447B827FD0176001E3869 /* fullRecipe2.swift */,
				540447BA27FD0184001E3869 /* fullRecipe3.swift */,
				540447BC27FD0193001E3869 /* fullRecipe4.swift */,
				540447BE27FD01A8001E3869 /* fullRecipe5.swift */,
				540447C027FD01B3001E3869 /* fullRecipe6.swift */,
				540447C227FD01C0001E3869 /* fullRecipe7.swift */,
			);
			path = FoodRecipeProject;
			sourceTree = "<group>";
		};
/* End PBXGroup section */

/* Begin PBXNativeTarget section */
		54FC990F27FC833000587EB7 /* FoodRecipeProject */ = {
			isa = PBXNativeTarget;
			buildConfigurationList = 54FC992727FC833200587EB7 /* Build configuration list for PBXNativeTarget "FoodRecipeProject" */;
			buildPhases = (
				54FC990C27FC833000587EB7 /* Sources */,
				54FC990D27FC833000587EB7 /* Frameworks */,
				54FC990E27FC833000587EB7 /* Resources */,
			);
			buildRules = (
			);
			dependencies = (
			);
			name = FoodRecipeProject;
			productName = FoodRecipeProject;
			productReference = 54FC991027FC833000587EB7 /* FoodRecipeProject.app */;
			productType = "com.apple.product-type.application";
		};
/* End PBXNativeTarget section */

/* Begin PBXProject section */
		54FC990827FC833000587EB7 /* Project object */ = {
			isa = PBXProject;
			attributes = {
				BuildIndependentTargetsInParallel = 1;
				LastSwiftUpdateCheck = 1320;
				LastUpgradeCheck = 1320;
				TargetAttributes = {
					54FC990F27FC833000587EB7 = {
						CreatedOnToolsVersion = 13.2.1;
					};
				};
			};
			buildConfigurationList = 54FC990B27FC833000587EB7 /* Build configuration list for PBXProject "FoodRecipeProject" */;
			compatibilityVersion = "Xcode 13.0";
			developmentRegion = en;
			hasScannedForEncodings = 0;
			knownRegions = (
				en,
				Base,
			);
			mainGroup = 54FC990727FC833000587EB7;
			productRefGroup = 54FC991127FC833000587EB7 /* Products */;
			projectDirPath = "";
			projectRoot = "";
			targets = (
				54FC990F27FC833000587EB7 /* FoodRecipeProject */,
			);
		};
/* End PBXProject section */

/* Begin PBXResourcesBuildPhase section */
		54FC990E27FC833000587EB7 /* Resources */ = {
			isa = PBXResourcesBuildPhase;
			buildActionMask = 2147483647;
			files = (
				54FC992327FC833200587EB7 /* LaunchScreen.storyboard in Resources */,
				54FC992027FC833200587EB7 /* Assets.xcassets in Resources */,
				54FC991B27FC833000587EB7 /* Main.storyboard in Resources */,
			);
			runOnlyForDeploymentPostprocessing = 0;
		};
/* End PBXResourcesBuildPhase section */

/* Begin PBXSourcesBuildPhase section */
		54FC990C27FC833000587EB7 /* Sources */ = {
			isa = PBXSourcesBuildPhase;
			buildActionMask = 2147483647;
			files = (
				54F3941E27FCE2A500F2A7AA /* TableViewCell.swift in Sources */,
				54FC991827FC833000587EB7 /* ViewController.swift in Sources */,
				54FC992D27FC8B7300587EB7 /* p2.swift in Sources */,
				54F3941427FCD3D300F2A7AA /* p5.swift in Sources */,
				54F3941A27FCD8C300F2A7AA /* p8.swift in Sources */,
				540447B527FCFE03001E3869 /* Recipe2.swift in Sources */,
				54F3942027FCE32B00F2A7AA /* p10.swift in Sources */,
				54FC991E27FC833000587EB7 /* FoodRecipeProject.xcdatamodeld in Sources */,
				54FC992F27FC8E3D00587EB7 /* CollectionViewCell.swift in Sources */,
				54F3941C27FCD8D500F2A7AA /* p9.swift in Sources */,
				540447BF27FD01A8001E3869 /* fullRecipe5.swift in Sources */,
				54F3941627FCD67000F2A7AA /* p6.swift in Sources */,
				54F3941227FCCDD700F2A7AA /* p4.swift in Sources */,
				54FC992B27FC8B6000587EB7 /* p1.swift in Sources */,
				540447C327FD01C0001E3869 /* fullRecipe7.swift in Sources */,
				54FC991427FC833000587EB7 /* AppDelegate.swift in Sources */,
				540447BD27FD0193001E3869 /* fullRecipe4.swift in Sources */,
				540447B727FD015A001E3869 /* fullRecipe1.swift in Sources */,
				540447C127FD01B3001E3869 /* fullRecipe6.swift in Sources */,
				54FC993327FCB7EE00587EB7 /* p3.swift in Sources */,
				54F3941827FCD67B00F2A7AA /* p7.swift in Sources */,
				540447B927FD0176001E3869 /* fullRecipe2.swift in Sources */,
				540447BB27FD0184001E3869 /* fullRecipe3.swift in Sources */,
				54FC991627FC833000587EB7 /* SceneDelegate.swift in Sources */,
			);
			runOnlyForDeploymentPostprocessing = 0;
		};
/* End PBXSourcesBuildPhase section */

/* Begin PBXVariantGroup section */
		54FC991927FC833000587EB7 /* Main.storyboard */ = {
			isa = PBXVariantGroup;
			children = (
				54FC991A27FC833000587EB7 /* Base */,
			);
			name = Main.storyboard;
			sourceTree = "<group>";
		};
		54FC992127FC833200587EB7 /* LaunchScreen.storyboard */ = {
			isa = PBXVariantGroup;
			children = (
				54FC992227FC833200587EB7 /* Base */,
			);
			name = LaunchScreen.storyboard;
			sourceTree = "<group>";
		};
/* End PBXVariantGroup section */

/* Begin XCBuildConfiguration section */
		54FC992527FC833200587EB7 /* Debug */ = {
			isa = XCBuildConfiguration;
			buildSettings = {
				ALWAYS_SEARCH_USER_PATHS = NO;
				CLANG_ANALYZER_NONNULL = YES;
				CLANG_ANALYZER_NUMBER_OBJECT_CONVERSION = YES_AGGRESSIVE;
				CLANG_CXX_LANGUAGE_STANDARD = "gnu++17";
				CLANG_CXX_LIBRARY = "libc++";
				CLANG_ENABLE_MODULES = YES;
				CLANG_ENABLE_OBJC_ARC = YES;
				CLANG_ENABLE_OBJC_WEAK = YES;
				CLANG_WARN_BLOCK_CAPTURE_AUTORELEASING = YES;
				CLANG_WARN_BOOL_CONVERSION = YES;
				CLANG_WARN_COMMA = YES;
				CLANG_WARN_CONSTANT_CONVERSION = YES;
				CLANG_WARN_DEPRECATED_OBJC_IMPLEMENTATIONS = YES;
				CLANG_WARN_DIRECT_OBJC_ISA_USAGE = YES_ERROR;
				CLANG_WARN_DOCUMENTATION_COMMENTS = YES;
				CLANG_WARN_EMPTY_BODY = YES;
				CLANG_WARN_ENUM_CONVERSION = YES;
				CLANG_WARN_INFINITE_RECURSION = YES;
				CLANG_WARN_INT_CONVERSION = YES;
				CLANG_WARN_NON_LITERAL_NULL_CONVERSION = YES;
				CLANG_WARN_OBJC_IMPLICIT_RETAIN_SELF = YES;
				CLANG_WARN_OBJC_LITERAL_CONVERSION = YES;
				CLANG_WARN_OBJC_ROOT_CLASS = YES_ERROR;
				CLANG_WARN_QUOTED_INCLUDE_IN_FRAMEWORK_HEADER = YES;
				CLANG_WARN_RANGE_LOOP_ANALYSIS = YES;
				CLANG_WARN_STRICT_PROTOTYPES = YES;
				CLANG_WARN_SUSPICIOUS_MOVE = YES;
				CLANG_WARN_UNGUARDED_AVAILABILITY = YES_AGGRESSIVE;
				CLANG_WARN_UNREACHABLE_CODE = YES;
				CLANG_WARN__DUPLICATE_METHOD_MATCH = YES;
				COPY_PHASE_STRIP = NO;
				DEBUG_INFORMATION_FORMAT = dwarf;
				ENABLE_STRICT_OBJC_MSGSEND = YES;
				ENABLE_TESTABILITY = YES;
				GCC_C_LANGUAGE_STANDARD = gnu11;
				GCC_DYNAMIC_NO_PIC = NO;
				GCC_NO_COMMON_BLOCKS = YES;
				GCC_OPTIMIZATION_LEVEL = 0;
				GCC_PREPROCESSOR_DEFINITIONS = (
					"DEBUG=1",
					"$(inherited)",
				);
				GCC_WARN_64_TO_32_BIT_CONVERSION = YES;
				GCC_WARN_ABOUT_RETURN_TYPE = YES_ERROR;
				GCC_WARN_UNDECLARED_SELECTOR = YES;
				GCC_WARN_UNINITIALIZED_AUTOS = YES_AGGRESSIVE;
				GCC_WARN_UNUSED_FUNCTION = YES;
				GCC_WARN_UNUSED_VARIABLE = YES;
				IPHONEOS_DEPLOYMENT_TARGET = 15.2;
				MTL_ENABLE_DEBUG_INFO = INCLUDE_SOURCE;
				MTL_FAST_MATH = YES;
				ONLY_ACTIVE_ARCH = YES;
				SDKROOT = iphoneos;
				SWIFT_ACTIVE_COMPILATION_CONDITIONS = DEBUG;
				SWIFT_OPTIMIZATION_LEVEL = "-Onone";
			};
			name = Debug;
		};
		54FC992627FC833200587EB7 /* Release */ = {
			isa = XCBuildConfiguration;
			buildSettings = {
				ALWAYS_SEARCH_USER_PATHS = NO;
				CLANG_ANALYZER_NONNULL = YES;
				CLANG_ANALYZER_NUMBER_OBJECT_CONVERSION = YES_AGGRESSIVE;
				CLANG_CXX_LANGUAGE_STANDARD = "gnu++17";
				CLANG_CXX_LIBRARY = "libc++";
				CLANG_ENABLE_MODULES = YES;
				CLANG_ENABLE_OBJC_ARC = YES;
				CLANG_ENABLE_OBJC_WEAK = YES;
				CLANG_WARN_BLOCK_CAPTURE_AUTORELEASING = YES;
				CLANG_WARN_BOOL_CONVERSION = YES;
				CLANG_WARN_COMMA = YES;
				CLANG_WARN_CONSTANT_CONVERSION = YES;
				CLANG_WARN_DEPRECATED_OBJC_IMPLEMENTATIONS = YES;
				CLANG_WARN_DIRECT_OBJC_ISA_USAGE = YES_ERROR;
				CLANG_WARN_DOCUMENTATION_COMMENTS = YES;
				CLANG_WARN_EMPTY_BODY = YES;
				CLANG_WARN_ENUM_CONVERSION = YES;
				CLANG_WARN_INFINITE_RECURSION = YES;
				CLANG_WARN_INT_CONVERSION = YES;
				CLANG_WARN_NON_LITERAL_NULL_CONVERSION = YES;
				CLANG_WARN_OBJC_IMPLICIT_RETAIN_SELF = YES;
				CLANG_WARN_OBJC_LITERAL_CONVERSION = YES;
				CLANG_WARN_OBJC_ROOT_CLASS = YES_ERROR;
				CLANG_WARN_QUOTED_INCLUDE_IN_FRAMEWORK_HEADER = YES;
				CLANG_WARN_RANGE_LOOP_ANALYSIS = YES;
				CLANG_WARN_STRICT_PROTOTYPES = YES;
				CLANG_WARN_SUSPICIOUS_MOVE = YES;
				CLANG_WARN_UNGUARDED_AVAILABILITY = YES_AGGRESSIVE;
				CLANG_WARN_UNREACHABLE_CODE = YES;
				CLANG_WARN__DUPLICATE_METHOD_MATCH = YES;
				COPY_PHASE_STRIP = NO;
				DEBUG_INFORMATION_FORMAT = "dwarf-with-dsym";
				ENABLE_NS_ASSERTIONS = NO;
				ENABLE_STRICT_OBJC_MSGSEND = YES;
				GCC_C_LANGUAGE_STANDARD = gnu11;
				GCC_NO_COMMON_BLOCKS = YES;
				GCC_WARN_64_TO_32_BIT_CONVERSION = YES;
				GCC_WARN_ABOUT_RETURN_TYPE = YES_ERROR;
				GCC_WARN_UNDECLARED_SELECTOR = YES;
				GCC_WARN_UNINITIALIZED_AUTOS = YES_AGGRESSIVE;
				GCC_WARN_UNUSED_FUNCTION = YES;
				GCC_WARN_UNUSED_VARIABLE = YES;
				IPHONEOS_DEPLOYMENT_TARGET = 15.2;
				MTL_ENABLE_DEBUG_INFO = NO;
				MTL_FAST_MATH = YES;
				SDKROOT = iphoneos;
				SWIFT_COMPILATION_MODE = wholemodule;
				SWIFT_OPTIMIZATION_LEVEL = "-O";
				VALIDATE_PRODUCT = YES;
			};
			name = Release;
		};
		54FC992827FC833200587EB7 /* Debug */ = {
			isa = XCBuildConfiguration;
			buildSettings = {
				ASSETCATALOG_COMPILER_APPICON_NAME = AppIcon;
				ASSETCATALOG_COMPILER_GLOBAL_ACCENT_COLOR_NAME = AccentColor;
				CODE_SIGN_STYLE = Automatic;
				CURRENT_PROJECT_VERSION = 1;
				DEVELOPMENT_TEAM = VDQS4882Z8;
				GENERATE_INFOPLIST_FILE = YES;
				INFOPLIST_FILE = FoodRecipeProject/Info.plist;
				INFOPLIST_KEY_UIApplicationSupportsIndirectInputEvents = YES;
				INFOPLIST_KEY_UILaunchStoryboardName = LaunchScreen;
				INFOPLIST_KEY_UIMainStoryboardFile = Main;
				INFOPLIST_KEY_UISupportedInterfaceOrientations_iPad = "UIInterfaceOrientationPortrait UIInterfaceOrientationPortraitUpsideDown UIInterfaceOrientationLandscapeLeft UIInterfaceOrientationLandscapeRight";
				INFOPLIST_KEY_UISupportedInterfaceOrientations_iPhone = "UIInterfaceOrientationPortrait UIInterfaceOrientationLandscapeLeft UIInterfaceOrientationLandscapeRight";
				LD_RUNPATH_SEARCH_PATHS = (
					"$(inherited)",
					"@executable_path/Frameworks",
				);
				MARKETING_VERSION = 1.0;
				PRODUCT_BUNDLE_IDENTIFIER = com.ezpzmeals;
				PRODUCT_NAME = "$(TARGET_NAME)";
				SWIFT_EMIT_LOC_STRINGS = YES;
				SWIFT_VERSION = 5.0;
				TARGETED_DEVICE_FAMILY = 1;
			};
			name = Debug;
		};
		54FC992927FC833200587EB7 /* Release */ = {
			isa = XCBuildConfiguration;
			buildSettings = {
				ASSETCATALOG_COMPILER_APPICON_NAME = AppIcon;
				ASSETCATALOG_COMPILER_GLOBAL_ACCENT_COLOR_NAME = AccentColor;
				CODE_SIGN_STYLE = Automatic;
				CURRENT_PROJECT_VERSION = 1;
				DEVELOPMENT_TEAM = VDQS4882Z8;
				GENERATE_INFOPLIST_FILE = YES;
				INFOPLIST_FILE = FoodRecipeProject/Info.plist;
				INFOPLIST_KEY_UIApplicationSupportsIndirectInputEvents = YES;
				INFOPLIST_KEY_UILaunchStoryboardName = LaunchScreen;
				INFOPLIST_KEY_UIMainStoryboardFile = Main;
				INFOPLIST_KEY_UISupportedInterfaceOrientations_iPad = "UIInterfaceOrientationPortrait UIInterfaceOrientationPortraitUpsideDown UIInterfaceOrientationLandscapeLeft UIInterfaceOrientationLandscapeRight";
				INFOPLIST_KEY_UISupportedInterfaceOrientations_iPhone = "UIInterfaceOrientationPortrait UIInterfaceOrientationLandscapeLeft UIInterfaceOrientationLandscapeRight";
				LD_RUNPATH_SEARCH_PATHS = (
					"$(inherited)",
					"@executable_path/Frameworks",
				);
				MARKETING_VERSION = 1.0;
				PRODUCT_BUNDLE_IDENTIFIER = com.ezpzmeals;
				PRODUCT_NAME = "$(TARGET_NAME)";
				SWIFT_EMIT_LOC_STRINGS = YES;
				SWIFT_VERSION = 5.0;
				TARGETED_DEVICE_FAMILY = 1;
			};
			name = Release;
		};
/* End XCBuildConfiguration section */

/* Begin XCConfigurationList section */
		54FC990B27FC833000587EB7 /* Build configuration list for PBXProject "FoodRecipeProject" */ = {
			isa = XCConfigurationList;
			buildConfigurations = (
				54FC992527FC833200587EB7 /* Debug */,
				54FC992627FC833200587EB7 /* Release */,
			);
			defaultConfigurationIsVisible = 0;
			defaultConfigurationName = Release;
		};
		54FC992727FC833200587EB7 /* Build configuration list for PBXNativeTarget "FoodRecipeProject" */ = {
			isa = XCConfigurationList;
			buildConfigurations = (
				54FC992827FC833200587EB7 /* Debug */,
				54FC992927FC833200587EB7 /* Release */,
			);
			defaultConfigurationIsVisible = 0;
			defaultConfigurationName = Release;
		};
/* End XCConfigurationList section */

/* Begin XCVersionGroup section */
		54FC991C27FC833000587EB7 /* FoodRecipeProject.xcdatamodeld */ = {
			isa = XCVersionGroup;
			children = (
				54FC991D27FC833000587EB7 /* FoodRecipeProject.xcdatamodel */,
			);
			currentVersion = 54FC991D27FC833000587EB7 /* FoodRecipeProject.xcdatamodel */;
			path = FoodRecipeProject.xcdatamodeld;
			sourceTree = "<group>";
			versionGroupType = wrapper.xcdatamodel;
		};
/* End XCVersionGroup section */
	};
	rootObject = 54FC990827FC833000587EB7 /* Project object */;
}
